
Microsoft Visual Studio Solution File, Format Version 12.00
# Visual Studio Version 17
VisualStudioVersion = 17.11.35327.3
MinimumVisualStudioVersion = 10.0.40219.1
Project("{FAE04EC0-301F-11D3-BF4B-00C04F79EFBC}") = "Mercola.Digital.Core", "Mercola.Digital.Core\Mercola.Digital.Core.csproj", "{6A5C6251-C3F5-47A3-9146-50CA5060A5CC}"
EndProject
Global
	GlobalSection(SolutionConfigurationPlatforms) = preSolution
		Debug|Any CPU = Debug|Any CPU
		Release|Any CPU = Release|Any CPU
	EndGlobalSection
	GlobalSection(ProjectConfigurationPlatforms) = postSolution
		{6A5C6251-C3F5-47A3-9146-50CA5060A5CC}.Debug|Any CPU.ActiveCfg = Debug|Any CPU
		{6A5C6251-C3F5-47A3-9146-50CA5060A5CC}.Debug|Any CPU.Build.0 = Debug|Any CPU
		{6A5C6251-C3F5-47A3-9146-50CA5060A5CC}.Release|Any CPU.ActiveCfg = Release|Any CPU
		{6A5C6251-C3F5-47A3-9146-50CA5060A5CC}.Release|Any CPU.Build.0 = Release|Any CPU
	EndGlobalSection
	GlobalSection(SolutionProperties) = preSolution
		HideSolutionNode = FALSE
	EndGlobalSection
	GlobalSection(ExtensibilityGlobals) = postSolution
		SolutionGuid = {867C39F3-AA76-4DF9-8768-1B24E31DF3AE}
	EndGlobalSection
EndGlobal
